
Microsoft Visual Studio Solution File, Format Version 12.00
# Visual Studio Version 16
VisualStudioVersion = 16.0.30717.126
MinimumVisualStudioVersion = 10.0.40219.1
Project("{FAE04EC0-301F-11D3-BF4B-00C04F79EFBC}") = "KvízJáték", "KvízJáték\KvízJáték.csproj", "{1DC1B80A-FEF9-4ECA-A34E-1C5ADABF08ED}"
EndProject
Global
	GlobalSection(SolutionConfigurationPlatforms) = preSolution
		Debug|Any CPU = Debug|Any CPU
		Release|Any CPU = Release|Any CPU
	EndGlobalSection
	GlobalSection(ProjectConfigurationPlatforms) = postSolution
		{1DC1B80A-FEF9-4ECA-A34E-1C5ADABF08ED}.Debug|Any CPU.ActiveCfg = Debug|Any CPU
		{1DC1B80A-FEF9-4ECA-A34E-1C5ADABF08ED}.Debug|Any CPU.Build.0 = Debug|Any CPU
		{1DC1B80A-FEF9-4ECA-A34E-1C5ADABF08ED}.Release|Any CPU.ActiveCfg = Release|Any CPU
		{1DC1B80A-FEF9-4ECA-A34E-1C5ADABF08ED}.Release|Any CPU.Build.0 = Release|Any CPU
	EndGlobalSection
	GlobalSection(SolutionProperties) = preSolution
		HideSolutionNode = FALSE
	EndGlobalSection
	GlobalSection(ExtensibilityGlobals) = postSolution
		SolutionGuid = {C7C6D32D-6A8C-4AF1-B28A-4048BE48FB44}
	EndGlobalSection
EndGlobal
